{
  "originHash" : "4a25ebe250e065e6b3f728f5d02ba88a4cb8f0a683d00403f098d79e3e3089b1",
  "pins" : [
    {
      "identity" : "datascoutcompanion",
      "kind" : "remoteSourceControl",
      "location" : "https://github.com/alex566/DataScoutCompanion.git",
      "state" : {
        "revision" : "3f98e91e4eba308331d6aa6fbe21ad2a92b20d8a",
        "version" : "0.3.0"
      }
    },
    {
      "identity" : "swift-docc-plugin",
      "kind" : "remoteSourceControl",
      "location" : "https://github.com/apple/swift-docc-plugin",
      "state" : {
        "revision" : "3e4f133a77e644a5812911a0513aeb7288b07d06",
        "version" : "1.4.5"
      }
    },
    {
      "identity" : "swift-docc-symbolkit",
      "kind" : "remoteSourceControl",
      "location" : "https://github.com/swiftlang/swift-docc-symbolkit",
      "state" : {
        "revision" : "b45d1f2ed151d057b54504d653e0da5552844e34",
        "version" : "1.0.0"
      }
    }
  ],
  "version" : 3
}
